// !$*UTF8*$!
{
	archiveVersion = 1;
	classes = {
	};
	objectVersion = 46;
	objects = {

/* Begin PBXBuildFile section */
		44231B6C1E8E6E56004C9C2F /* NodeCell.swift in Sources */ = {isa = PBXBuildFile; fileRef = 44231B6A1E8E6E56004C9C2F /* NodeCell.swift */; };
		44231B6D1E8E6E56004C9C2F /* NodeCell.xib in Resources */ = {isa = PBXBuildFile; fileRef = 44231B6B1E8E6E56004C9C2F /* NodeCell.xib */; };
		44231B701E8E6FDC004C9C2F /* SwiftIconFont.framework in Frameworks */ = {isa = PBXBuildFile; fileRef = 44231B6F1E8E6FDC004C9C2F /* SwiftIconFont.framework */; };
		44774E7F1E8E568800036706 /* AppDelegate.swift in Sources */ = {isa = PBXBuildFile; fileRef = 44774E7E1E8E568800036706 /* AppDelegate.swift */; };
		44774E811E8E568800036706 /* ViewController.swift in Sources */ = {isa = PBXBuildFile; fileRef = 44774E801E8E568800036706 /* ViewController.swift */; };
		44774E841E8E568800036706 /* Main.storyboard in Resources */ = {isa = PBXBuildFile; fileRef = 44774E821E8E568800036706 /* Main.storyboard */; };
		44774E861E8E568800036706 /* Assets.xcassets in Resources */ = {isa = PBXBuildFile; fileRef = 44774E851E8E568800036706 /* Assets.xcassets */; };
		44774E891E8E568800036706 /* LaunchScreen.storyboard in Resources */ = {isa = PBXBuildFile; fileRef = 44774E871E8E568800036706 /* LaunchScreen.storyboard */; };
		44774E921E8E571F00036706 /* ListNode.swift in Sources */ = {isa = PBXBuildFile; fileRef = 44774E911E8E571F00036706 /* ListNode.swift */; };
		44E53ABA1E8E935D00E2CCF0 /* SportsNode.swift in Sources */ = {isa = PBXBuildFile; fileRef = 44E53AB91E8E935D00E2CCF0 /* SportsNode.swift */; };
/* End PBXBuildFile section */

/* Begin PBXFileReference section */
		44231B6A1E8E6E56004C9C2F /* NodeCell.swift */ = {isa = PBXFileReference; fileEncoding = 4; lastKnownFileType = sourcecode.swift; path = NodeCell.swift; sourceTree = "<group>"; };
		44231B6B1E8E6E56004C9C2F /* NodeCell.xib */ = {isa = PBXFileReference; fileEncoding = 4; lastKnownFileType = file.xib; path = NodeCell.xib; sourceTree = "<group>"; };
		44231B6F1E8E6FDC004C9C2F /* SwiftIconFont.framework */ = {isa = PBXFileReference; lastKnownFileType = wrapper.framework; name = SwiftIconFont.framework; path = Carthage/Build/iOS/SwiftIconFont.framework; sourceTree = "<group>"; };
		44774E7B1E8E568800036706 /* TableTreeViewDemo.app */ = {isa = PBXFileReference; explicitFileType = wrapper.application; includeInIndex = 0; path = TableTreeViewDemo.app; sourceTree = BUILT_PRODUCTS_DIR; };
		44774E7E1E8E568800036706 /* AppDelegate.swift */ = {isa = PBXFileReference; lastKnownFileType = sourcecode.swift; path = AppDelegate.swift; sourceTree = "<group>"; };
		44774E801E8E568800036706 /* ViewController.swift */ = {isa = PBXFileReference; lastKnownFileType = sourcecode.swift; path = ViewController.swift; sourceTree = "<group>"; };
		44774E831E8E568800036706 /* Base */ = {isa = PBXFileReference; lastKnownFileType = file.storyboard; name = Base; path = Base.lproj/Main.storyboard; sourceTree = "<group>"; };
		44774E851E8E568800036706 /* Assets.xcassets */ = {isa = PBXFileReference; lastKnownFileType = folder.assetcatalog; path = Assets.xcassets; sourceTree = "<group>"; };
		44774E881E8E568800036706 /* Base */ = {isa = PBXFileReference; lastKnownFileType = file.storyboard; name = Base; path = Base.lproj/LaunchScreen.storyboard; sourceTree = "<group>"; };
		44774E8A1E8E568800036706 /* Info.plist */ = {isa = PBXFileReference; lastKnownFileType = text.plist.xml; path = Info.plist; sourceTree = "<group>"; };
		44774E911E8E571F00036706 /* ListNode.swift */ = {isa = PBXFileReference; fileEncoding = 4; lastKnownFileType = sourcecode.swift; path = ListNode.swift; sourceTree = "<group>"; };
		44E53AB91E8E935D00E2CCF0 /* SportsNode.swift */ = {isa = PBXFileReference; fileEncoding = 4; lastKnownFileType = sourcecode.swift; path = SportsNode.swift; sourceTree = "<group>"; };
/* End PBXFileReference section */

/* Begin PBXFrameworksBuildPhase section */
		44774E781E8E568800036706 /* Frameworks */ = {
			isa = PBXFrameworksBuildPhase;
			buildActionMask = 2147483647;
			files = (
				44231B701E8E6FDC004C9C2F /* SwiftIconFont.framework in Frameworks */,
			);
			runOnlyForDeploymentPostprocessing = 0;
		};
/* End PBXFrameworksBuildPhase section */

/* Begin PBXGroup section */
		44231B6E1E8E6FDC004C9C2F /* Frameworks */ = {
			isa = PBXGroup;
			children = (
				44231B6F1E8E6FDC004C9C2F /* SwiftIconFont.framework */,
			);
			name = Frameworks;
			sourceTree = "<group>";
		};
		44231B721E8E70AA004C9C2F /* Views */ = {
			isa = PBXGroup;
			children = (
				44231B6A1E8E6E56004C9C2F /* NodeCell.swift */,
				44231B6B1E8E6E56004C9C2F /* NodeCell.xib */,
			);
			name = Views;
			sourceTree = "<group>";
		};
		44774E721E8E568800036706 = {
			isa = PBXGroup;
			children = (
				44774E7D1E8E568800036706 /* TableTreeViewDemo */,
				44774E7C1E8E568800036706 /* Products */,
				44231B6E1E8E6FDC004C9C2F /* Frameworks */,
			);
			sourceTree = "<group>";
		};
		44774E7C1E8E568800036706 /* Products */ = {
			isa = PBXGroup;
			children = (
				44774E7B1E8E568800036706 /* TableTreeViewDemo.app */,
			);
			name = Products;
			sourceTree = "<group>";
		};
		44774E7D1E8E568800036706 /* TableTreeViewDemo */ = {
			isa = PBXGroup;
			children = (
				44231B721E8E70AA004C9C2F /* Views */,
				44774E901E8E56DB00036706 /* Models */,
				44774E7E1E8E568800036706 /* AppDelegate.swift */,
				44774E801E8E568800036706 /* ViewController.swift */,
				44774E821E8E568800036706 /* Main.storyboard */,
				44774E851E8E568800036706 /* Assets.xcassets */,
				44774E871E8E568800036706 /* LaunchScreen.storyboard */,
				44774E8A1E8E568800036706 /* Info.plist */,
			);
			path = TableTreeViewDemo;
			sourceTree = "<group>";
		};
		44774E901E8E56DB00036706 /* Models */ = {
			isa = PBXGroup;
			children = (
				44774E911E8E571F00036706 /* ListNode.swift */,
				44E53AB91E8E935D00E2CCF0 /* SportsNode.swift */,
			);
			name = Models;
			sourceTree = "<group>";
		};
/* End PBXGroup section */

/* Begin PBXNativeTarget section */
		44774E7A1E8E568800036706 /* TableTreeViewDemo */ = {
			isa = PBXNativeTarget;
			buildConfigurationList = 44774E8D1E8E568800036706 /* Build configuration list for PBXNativeTarget "TableTreeViewDemo" */;
			buildPhases = (
				44774E771E8E568800036706 /* Sources */,
				44774E781E8E568800036706 /* Frameworks */,
				44774E791E8E568800036706 /* Resources */,
				44231B711E8E6FE4004C9C2F /* ShellScript */,
			);
			buildRules = (
			);
			dependencies = (
			);
			name = TableTreeViewDemo;
			productName = TableTreeViewDemo;
			productReference = 44774E7B1E8E568800036706 /* TableTreeViewDemo.app */;
			productType = "com.apple.product-type.application";
		};
/* End PBXNativeTarget section */

/* Begin PBXProject section */
		44774E731E8E568800036706 /* Project object */ = {
			isa = PBXProject;
			attributes = {
				LastSwiftUpdateCheck = 0830;
				LastUpgradeCheck = 0830;
				ORGANIZATIONNAME = "默司";
				TargetAttributes = {
					44774E7A1E8E568800036706 = {
						CreatedOnToolsVersion = 8.3;
						DevelopmentTeam = P92HHTP8SE;
						ProvisioningStyle = Automatic;
					};
				};
			};
			buildConfigurationList = 44774E761E8E568800036706 /* Build configuration list for PBXProject "TableTreeViewDemo" */;
			compatibilityVersion = "Xcode 3.2";
			developmentRegion = English;
			hasScannedForEncodings = 0;
			knownRegions = (
				en,
				Base,
			);
			mainGroup = 44774E721E8E568800036706;
			productRefGroup = 44774E7C1E8E568800036706 /* Products */;
			projectDirPath = "";
			projectRoot = "";
			targets = (
				44774E7A1E8E568800036706 /* TableTreeViewDemo */,
			);
		};
/* End PBXProject section */

/* Begin PBXResourcesBuildPhase section */
		44774E791E8E568800036706 /* Resources */ = {
			isa = PBXResourcesBuildPhase;
			buildActionMask = 2147483647;
			files = (
				44774E891E8E568800036706 /* LaunchScreen.storyboard in Resources */,
				44774E861E8E568800036706 /* Assets.xcassets in Resources */,
				44774E841E8E568800036706 /* Main.storyboard in Resources */,
				44231B6D1E8E6E56004C9C2F /* NodeCell.xib in Resources */,
			);
			runOnlyForDeploymentPostprocessing = 0;
		};
/* End PBXResourcesBuildPhase section */

/* Begin PBXShellScriptBuildPhase section */
		44231B711E8E6FE4004C9C2F /* ShellScript */ = {
			isa = PBXShellScriptBuildPhase;
			buildActionMask = 2147483647;
			files = (
			);
			inputPaths = (
				"$(SRCROOT)/Carthage/Build/iOS/SwiftIconFont.framework",
			);
			outputPaths = (
			);
			runOnlyForDeploymentPostprocessing = 0;
			shellPath = /bin/sh;
			shellScript = "/usr/local/bin/carthage copy-frameworks";
		};
/* End PBXShellScriptBuildPhase section */

/* Begin PBXSourcesBuildPhase section */
		44774E771E8E568800036706 /* Sources */ = {
			isa = PBXSourcesBuildPhase;
			buildActionMask = 2147483647;
			files = (
				44774E811E8E568800036706 /* ViewController.swift in Sources */,
				44E53ABA1E8E935D00E2CCF0 /* SportsNode.swift in Sources */,
				44774E7F1E8E568800036706 /* AppDelegate.swift in Sources */,
				44774E921E8E571F00036706 /* ListNode.swift in Sources */,
				44231B6C1E8E6E56004C9C2F /* NodeCell.swift in Sources */,
			);
			runOnlyForDeploymentPostprocessing = 0;
		};
/* End PBXSourcesBuildPhase section */

/* Begin PBXVariantGroup section */
		44774E821E8E568800036706 /* Main.storyboard */ = {
			isa = PBXVariantGroup;
			children = (
				44774E831E8E568800036706 /* Base */,
			);
			name = Main.storyboard;
			sourceTree = "<group>";
		};
		44774E871E8E568800036706 /* LaunchScreen.storyboard */ = {
			isa = PBXVariantGroup;
			children = (
				44774E881E8E568800036706 /* Base */,
			);
			name = LaunchScreen.storyboard;
			sourceTree = "<group>";
		};
/* End PBXVariantGroup section */

/* Begin XCBuildConfiguration section */
		44774E8B1E8E568800036706 /* Debug */ = {
			isa = XCBuildConfiguration;
			buildSettings = {
				ALWAYS_SEARCH_USER_PATHS = NO;
				CLANG_ANALYZER_NONNULL = YES;
				CLANG_ANALYZER_NUMBER_OBJECT_CONVERSION = YES_AGGRESSIVE;
				CLANG_CXX_LANGUAGE_STANDARD = "gnu++0x";
				CLANG_CXX_LIBRARY = "libc++";
				CLANG_ENABLE_MODULES = YES;
				CLANG_ENABLE_OBJC_ARC = YES;
				CLANG_WARN_BOOL_CONVERSION = YES;
				CLANG_WARN_CONSTANT_CONVERSION = YES;
				CLANG_WARN_DIRECT_OBJC_ISA_USAGE = YES_ERROR;
				CLANG_WARN_DOCUMENTATION_COMMENTS = YES;
				CLANG_WARN_EMPTY_BODY = YES;
				CLANG_WARN_ENUM_CONVERSION = YES;
				CLANG_WARN_INFINITE_RECURSION = YES;
				CLANG_WARN_INT_CONVERSION = YES;
				CLANG_WARN_OBJC_ROOT_CLASS = YES_ERROR;
				CLANG_WARN_SUSPICIOUS_MOVE = YES;
				CLANG_WARN_UNREACHABLE_CODE = YES;
				CLANG_WARN__DUPLICATE_METHOD_MATCH = YES;
				"CODE_SIGN_IDENTITY[sdk=iphoneos*]" = "iPhone Developer";
				COPY_PHASE_STRIP = NO;
				DEBUG_INFORMATION_FORMAT = dwarf;
				ENABLE_STRICT_OBJC_MSGSEND = YES;
				ENABLE_TESTABILITY = YES;
				GCC_C_LANGUAGE_STANDARD = gnu99;
				GCC_DYNAMIC_NO_PIC = NO;
				GCC_NO_COMMON_BLOCKS = YES;
				GCC_OPTIMIZATION_LEVEL = 0;
				GCC_PREPROCESSOR_DEFINITIONS = (
					"DEBUG=1",
					"$(inherited)",
				);
				GCC_WARN_64_TO_32_BIT_CONVERSION = YES;
				GCC_WARN_ABOUT_RETURN_TYPE = YES_ERROR;
				GCC_WARN_UNDECLARED_SELECTOR = YES;
				GCC_WARN_UNINITIALIZED_AUTOS = YES_AGGRESSIVE;
				GCC_WARN_UNUSED_FUNCTION = YES;
				GCC_WARN_UNUSED_VARIABLE = YES;
				IPHONEOS_DEPLOYMENT_TARGET = 10.3;
				MTL_ENABLE_DEBUG_INFO = YES;
				ONLY_ACTIVE_ARCH = YES;
				SDKROOT = iphoneos;
				SWIFT_ACTIVE_COMPILATION_CONDITIONS = DEBUG;
				SWIFT_OPTIMIZATION_LEVEL = "-Onone";
			};
			name = Debug;
		};
		44774E8C1E8E568800036706 /* Release */ = {
			isa = XCBuildConfiguration;
			buildSettings = {
				ALWAYS_SEARCH_USER_PATHS = NO;
				CLANG_ANALYZER_NONNULL = YES;
				CLANG_ANALYZER_NUMBER_OBJECT_CONVERSION = YES_AGGRESSIVE;
				CLANG_CXX_LANGUAGE_STANDARD = "gnu++0x";
				CLANG_CXX_LIBRARY = "libc++";
				CLANG_ENABLE_MODULES = YES;
				CLANG_ENABLE_OBJC_ARC = YES;
				CLANG_WARN_BOOL_CONVERSION = YES;
				CLANG_WARN_CONSTANT_CONVERSION = YES;
				CLANG_WARN_DIRECT_OBJC_ISA_USAGE = YES_ERROR;
				CLANG_WARN_DOCUMENTATION_COMMENTS = YES;
				CLANG_WARN_EMPTY_BODY = YES;
				CLANG_WARN_ENUM_CONVERSION = YES;
				CLANG_WARN_INFINITE_RECURSION = YES;
				CLANG_WARN_INT_CONVERSION = YES;
				CLANG_WARN_OBJC_ROOT_CLASS = YES_ERROR;
				CLANG_WARN_SUSPICIOUS_MOVE = YES;
				CLANG_WARN_UNREACHABLE_CODE = YES;
				CLANG_WARN__DUPLICATE_METHOD_MATCH = YES;
				"CODE_SIGN_IDENTITY[sdk=iphoneos*]" = "iPhone Developer";
				COPY_PHASE_STRIP = NO;
				DEBUG_INFORMATION_FORMAT = "dwarf-with-dsym";
				ENABLE_NS_ASSERTIONS = NO;
				ENABLE_STRICT_OBJC_MSGSEND = YES;
				GCC_C_LANGUAGE_STANDARD = gnu99;
				GCC_NO_COMMON_BLOCKS = YES;
				GCC_WARN_64_TO_32_BIT_CONVERSION = YES;
				GCC_WARN_ABOUT_RETURN_TYPE = YES_ERROR;
				GCC_WARN_UNDECLARED_SELECTOR = YES;
				GCC_WARN_UNINITIALIZED_AUTOS = YES_AGGRESSIVE;
				GCC_WARN_UNUSED_FUNCTION = YES;
				GCC_WARN_UNUSED_VARIABLE = YES;
				IPHONEOS_DEPLOYMENT_TARGET = 10.3;
				MTL_ENABLE_DEBUG_INFO = NO;
				SDKROOT = iphoneos;
				SWIFT_OPTIMIZATION_LEVEL = "-Owholemodule";
				VALIDATE_PRODUCT = YES;
			};
			name = Release;
		};
		44774E8E1E8E568800036706 /* Debug */ = {
			isa = XCBuildConfiguration;
			buildSettings = {
				ASSETCATALOG_COMPILER_APPICON_NAME = AppIcon;
				DEVELOPMENT_TEAM = P92HHTP8SE;
				FRAMEWORK_SEARCH_PATHS = (
					"$(inherited)",
					"$(PROJECT_DIR)/Carthage/Build/iOS",
				);
				INFOPLIST_FILE = TableTreeViewDemo/Info.plist;
				IPHONEOS_DEPLOYMENT_TARGET = 9.3;
				LD_RUNPATH_SEARCH_PATHS = "$(inherited) @executable_path/Frameworks";
				PRODUCT_BUNDLE_IDENTIFIER = tw.ccmos.TableTreeViewDemo;
				PRODUCT_NAME = "$(TARGET_NAME)";
				SWIFT_VERSION = 3.0;
			};
			name = Debug;
		};
		44774E8F1E8E568800036706 /* Release */ = {
			isa = XCBuildConfiguration;
			buildSettings = {
				ASSETCATALOG_COMPILER_APPICON_NAME = AppIcon;
				DEVELOPMENT_TEAM = P92HHTP8SE;
				FRAMEWORK_SEARCH_PATHS = (
					"$(inherited)",
					"$(PROJECT_DIR)/Carthage/Build/iOS",
				);
				INFOPLIST_FILE = TableTreeViewDemo/Info.plist;
				IPHONEOS_DEPLOYMENT_TARGET = 9.3;
				LD_RUNPATH_SEARCH_PATHS = "$(inherited) @executable_path/Frameworks";
				PRODUCT_BUNDLE_IDENTIFIER = tw.ccmos.TableTreeViewDemo;
				PRODUCT_NAME = "$(TARGET_NAME)";
				SWIFT_VERSION = 3.0;
			};
			name = Release;
		};
/* End XCBuildConfiguration section */

/* Begin XCConfigurationList section */
		44774E761E8E568800036706 /* Build configuration list for PBXProject "TableTreeViewDemo" */ = {
			isa = XCConfigurationList;
			buildConfigurations = (
				44774E8B1E8E568800036706 /* Debug */,
				44774E8C1E8E568800036706 /* Release */,
			);
			defaultConfigurationIsVisible = 0;
			defaultConfigurationName = Release;
		};
		44774E8D1E8E568800036706 /* Build configuration list for PBXNativeTarget "TableTreeViewDemo" */ = {
			isa = XCConfigurationList;
			buildConfigurations = (
				44774E8E1E8E568800036706 /* Debug */,
				44774E8F1E8E568800036706 /* Release */,
			);
			defaultConfigurationIsVisible = 0;
			defaultConfigurationName = Release;
		};
/* End XCConfigurationList section */
	};
	rootObject = 44774E731E8E568800036706 /* Project object */;
}
